
Microsoft Visual Studio Solution File, Format Version 12.00
# Visual Studio Version 16
VisualStudioVersion = 16.0.31515.178
MinimumVisualStudioVersion = 10.0.40219.1
Project("{F184B08F-C81C-45F6-A57F-5ABD9991F28F}") = "WVM elections", "WVM elections.vbproj", "{32A6B3BB-5D67-4BF5-8882-7D254824A131}"
EndProject
Global
	GlobalSection(SolutionConfigurationPlatforms) = preSolution
		Debug|Any CPU = Debug|Any CPU
		Release|Any CPU = Release|Any CPU
	EndGlobalSection
	GlobalSection(ProjectConfigurationPlatforms) = postSolution
		{32A6B3BB-5D67-4BF5-8882-7D254824A131}.Debug|Any CPU.ActiveCfg = Debug|Any CPU
		{32A6B3BB-5D67-4BF5-8882-7D254824A131}.Debug|Any CPU.Build.0 = Debug|Any CPU
		{32A6B3BB-5D67-4BF5-8882-7D254824A131}.Release|Any CPU.ActiveCfg = Release|Any CPU
		{32A6B3BB-5D67-4BF5-8882-7D254824A131}.Release|Any CPU.Build.0 = Release|Any CPU
	EndGlobalSection
	GlobalSection(SolutionProperties) = preSolution
		HideSolutionNode = FALSE
	EndGlobalSection
	GlobalSection(ExtensibilityGlobals) = postSolution
		SolutionGuid = {D1E263C8-E3DF-4035-B826-33D19CFA42AB}
	EndGlobalSection
EndGlobal
